
Microsoft Visual Studio Solution File, Format Version 12.00
# Visual Studio Version 16
VisualStudioVersion = 16.0.31005.135
MinimumVisualStudioVersion = 10.0.40219.1
Project("{FAE04EC0-301F-11D3-BF4B-00C04F79EFBC}") = "ConsumeSpotifyWebAPI", "ConsumeSpotifyWebAPI\ConsumeSpotifyWebAPI.csproj", "{6454E8EA-8C61-40C2-A2C4-D5976A7B6AC0}"
EndProject
Global
	GlobalSection(SolutionConfigurationPlatforms) = preSolution
		Debug|Any CPU = Debug|Any CPU
		Release|Any CPU = Release|Any CPU
	EndGlobalSection
	GlobalSection(ProjectConfigurationPlatforms) = postSolution
		{6454E8EA-8C61-40C2-A2C4-D5976A7B6AC0}.Debug|Any CPU.ActiveCfg = Debug|Any CPU
		{6454E8EA-8C61-40C2-A2C4-D5976A7B6AC0}.Debug|Any CPU.Build.0 = Debug|Any CPU
		{6454E8EA-8C61-40C2-A2C4-D5976A7B6AC0}.Release|Any CPU.ActiveCfg = Release|Any CPU
		{6454E8EA-8C61-40C2-A2C4-D5976A7B6AC0}.Release|Any CPU.Build.0 = Release|Any CPU
	EndGlobalSection
	GlobalSection(SolutionProperties) = preSolution
		HideSolutionNode = FALSE
	EndGlobalSection
	GlobalSection(ExtensibilityGlobals) = postSolution
		SolutionGuid = {0534D6A7-AEE5-4831-8731-A1F8DE99AA3F}
	EndGlobalSection
EndGlobal
